
Microsoft Visual Studio Solution File, Format Version 12.00
# Visual Studio 15
Project("{FAE04EC0-301F-11D3-BF4B-00C04F79EFBC}") = "Assembly-CSharp", "Assembly-CSharp.csproj", "{E977BF2D-2558-CA3C-09F5-4E3079DDF1C4}"
EndProject
Project("{FAE04EC0-301F-11D3-BF4B-00C04F79EFBC}") = "Polyperfect.Crafting.Placement", "Polyperfect.Crafting.Placement.csproj", "{E210A03C-7538-66E2-C28D-8AEE804324A1}"
EndProject
Project("{FAE04EC0-301F-11D3-BF4B-00C04F79EFBC}") = "Polyperfect.Crafting.Integration", "Polyperfect.Crafting.Integration.csproj", "{4D786832-FA56-1B02-2A3A-3F4631BAA64B}"
EndProject
Project("{FAE04EC0-301F-11D3-BF4B-00C04F79EFBC}") = "Polyperfect.Common", "Polyperfect.Common.csproj", "{CF0EF240-C3AE-3535-F842-04423004DD46}"
EndProject
Project("{FAE04EC0-301F-11D3-BF4B-00C04F79EFBC}") = "Polyperfect.Crafting.Demo", "Polyperfect.Crafting.Demo.csproj", "{4F92CB0B-6044-3C0F-FB6E-BB0184A88100}"
EndProject
Project("{FAE04EC0-301F-11D3-BF4B-00C04F79EFBC}") = "Polyperfect.Crafting.Framework", "Polyperfect.Crafting.Framework.csproj", "{D52707F7-12BF-E26B-6518-1B49C00315EA}"
EndProject
Project("{FAE04EC0-301F-11D3-BF4B-00C04F79EFBC}") = "Polyperfect.Crafting.Integration.Tests.EditMode", "Polyperfect.Crafting.Integration.Tests.EditMode.csproj", "{878706A7-9E6F-14F3-2690-C781D2D655FD}"
EndProject
Project("{FAE04EC0-301F-11D3-BF4B-00C04F79EFBC}") = "Polyperfect.Crafting.Editor", "Polyperfect.Crafting.Editor.csproj", "{431BA20B-61E1-E064-C070-61379B2AE905}"
EndProject
Project("{FAE04EC0-301F-11D3-BF4B-00C04F79EFBC}") = "Polyperfect.Common.Editor", "Polyperfect.Common.Editor.csproj", "{6A578067-6141-3320-95C2-7BE34C74A051}"
EndProject
Project("{FAE04EC0-301F-11D3-BF4B-00C04F79EFBC}") = "Polyperfect.Crafting.Framework.Tests", "Polyperfect.Crafting.Framework.Tests.csproj", "{6DC4BA98-F3A7-6982-C21A-BCCA169EDA68}"
EndProject
Project("{FAE04EC0-301F-11D3-BF4B-00C04F79EFBC}") = "Polyperfect.Crafting.Integration.Tests.PlayMode", "Polyperfect.Crafting.Integration.Tests.PlayMode.csproj", "{C01474BA-8B24-FBC8-17D4-5EDC9C2E5DBA}"
EndProject
Global
	GlobalSection(SolutionConfigurationPlatforms) = preSolution
		Debug|Any CPU = Debug|Any CPU
		Release|Any CPU = Release|Any CPU
	EndGlobalSection
	GlobalSection(ProjectConfigurationPlatforms) = postSolution
		{E977BF2D-2558-CA3C-09F5-4E3079DDF1C4}.Debug|Any CPU.ActiveCfg = Debug|Any CPU
		{E977BF2D-2558-CA3C-09F5-4E3079DDF1C4}.Debug|Any CPU.Build.0 = Debug|Any CPU
		{E977BF2D-2558-CA3C-09F5-4E3079DDF1C4}.Release|Any CPU.ActiveCfg = Release|Any CPU
		{E977BF2D-2558-CA3C-09F5-4E3079DDF1C4}.Release|Any CPU.Build.0 = Release|Any CPU
		{E210A03C-7538-66E2-C28D-8AEE804324A1}.Debug|Any CPU.ActiveCfg = Debug|Any CPU
		{E210A03C-7538-66E2-C28D-8AEE804324A1}.Debug|Any CPU.Build.0 = Debug|Any CPU
		{E210A03C-7538-66E2-C28D-8AEE804324A1}.Release|Any CPU.ActiveCfg = Release|Any CPU
		{E210A03C-7538-66E2-C28D-8AEE804324A1}.Release|Any CPU.Build.0 = Release|Any CPU
		{4D786832-FA56-1B02-2A3A-3F4631BAA64B}.Debug|Any CPU.ActiveCfg = Debug|Any CPU
		{4D786832-FA56-1B02-2A3A-3F4631BAA64B}.Debug|Any CPU.Build.0 = Debug|Any CPU
		{4D786832-FA56-1B02-2A3A-3F4631BAA64B}.Release|Any CPU.ActiveCfg = Release|Any CPU
		{4D786832-FA56-1B02-2A3A-3F4631BAA64B}.Release|Any CPU.Build.0 = Release|Any CPU
		{CF0EF240-C3AE-3535-F842-04423004DD46}.Debug|Any CPU.ActiveCfg = Debug|Any CPU
		{CF0EF240-C3AE-3535-F842-04423004DD46}.Debug|Any CPU.Build.0 = Debug|Any CPU
		{CF0EF240-C3AE-3535-F842-04423004DD46}.Release|Any CPU.ActiveCfg = Release|Any CPU
		{CF0EF240-C3AE-3535-F842-04423004DD46}.Release|Any CPU.Build.0 = Release|Any CPU
		{4F92CB0B-6044-3C0F-FB6E-BB0184A88100}.Debug|Any CPU.ActiveCfg = Debug|Any CPU
		{4F92CB0B-6044-3C0F-FB6E-BB0184A88100}.Debug|Any CPU.Build.0 = Debug|Any CPU
		{4F92CB0B-6044-3C0F-FB6E-BB0184A88100}.Release|Any CPU.ActiveCfg = Release|Any CPU
		{4F92CB0B-6044-3C0F-FB6E-BB0184A88100}.Release|Any CPU.Build.0 = Release|Any CPU
		{D52707F7-12BF-E26B-6518-1B49C00315EA}.Debug|Any CPU.ActiveCfg = Debug|Any CPU
		{D52707F7-12BF-E26B-6518-1B49C00315EA}.Debug|Any CPU.Build.0 = Debug|Any CPU
		{D52707F7-12BF-E26B-6518-1B49C00315EA}.Release|Any CPU.ActiveCfg = Release|Any CPU
		{D52707F7-12BF-E26B-6518-1B49C00315EA}.Release|Any CPU.Build.0 = Release|Any CPU
		{878706A7-9E6F-14F3-2690-C781D2D655FD}.Debug|Any CPU.ActiveCfg = Debug|Any CPU
		{878706A7-9E6F-14F3-2690-C781D2D655FD}.Debug|Any CPU.Build.0 = Debug|Any CPU
		{878706A7-9E6F-14F3-2690-C781D2D655FD}.Release|Any CPU.ActiveCfg = Release|Any CPU
		{878706A7-9E6F-14F3-2690-C781D2D655FD}.Release|Any CPU.Build.0 = Release|Any CPU
		{431BA20B-61E1-E064-C070-61379B2AE905}.Debug|Any CPU.ActiveCfg = Debug|Any CPU
		{431BA20B-61E1-E064-C070-61379B2AE905}.Debug|Any CPU.Build.0 = Debug|Any CPU
		{431BA20B-61E1-E064-C070-61379B2AE905}.Release|Any CPU.ActiveCfg = Release|Any CPU
		{431BA20B-61E1-E064-C070-61379B2AE905}.Release|Any CPU.Build.0 = Release|Any CPU
		{6A578067-6141-3320-95C2-7BE34C74A051}.Debug|Any CPU.ActiveCfg = Debug|Any CPU
		{6A578067-6141-3320-95C2-7BE34C74A051}.Debug|Any CPU.Build.0 = Debug|Any CPU
		{6A578067-6141-3320-95C2-7BE34C74A051}.Release|Any CPU.ActiveCfg = Release|Any CPU
		{6A578067-6141-3320-95C2-7BE34C74A051}.Release|Any CPU.Build.0 = Release|Any CPU
		{6DC4BA98-F3A7-6982-C21A-BCCA169EDA68}.Debug|Any CPU.ActiveCfg = Debug|Any CPU
		{6DC4BA98-F3A7-6982-C21A-BCCA169EDA68}.Debug|Any CPU.Build.0 = Debug|Any CPU
		{6DC4BA98-F3A7-6982-C21A-BCCA169EDA68}.Release|Any CPU.ActiveCfg = Release|Any CPU
		{6DC4BA98-F3A7-6982-C21A-BCCA169EDA68}.Release|Any CPU.Build.0 = Release|Any CPU
		{C01474BA-8B24-FBC8-17D4-5EDC9C2E5DBA}.Debug|Any CPU.ActiveCfg = Debug|Any CPU
		{C01474BA-8B24-FBC8-17D4-5EDC9C2E5DBA}.Debug|Any CPU.Build.0 = Debug|Any CPU
		{C01474BA-8B24-FBC8-17D4-5EDC9C2E5DBA}.Release|Any CPU.ActiveCfg = Release|Any CPU
		{C01474BA-8B24-FBC8-17D4-5EDC9C2E5DBA}.Release|Any CPU.Build.0 = Release|Any CPU
	EndGlobalSection
	GlobalSection(SolutionProperties) = preSolution
		HideSolutionNode = FALSE
	EndGlobalSection
EndGlobal
